
Microsoft Visual Studio Solution File, Format Version 12.00
# Visual Studio 15
VisualStudioVersion = 15.0.27703.2042
MinimumVisualStudioVersion = 10.0.40219.1
Project("{FAE04EC0-301F-11D3-BF4B-00C04F79EFBC}") = "Sudoku.UI", "Sudoku.UI\Sudoku.UI.csproj", "{F4CD1E68-346E-4BFD-B386-C7A2851FDD78}"
EndProject
Project("{9A19103F-16F7-4668-BE54-9A1E7A4F7556}") = "Sudoku", "Sudoku\Sudoku.csproj", "{66D2BECE-60B5-4127-A471-B0CB30783789}"
EndProject
Project("{9A19103F-16F7-4668-BE54-9A1E7A4F7556}") = "Sudoku.Cli", "Sudoku.Cli\Sudoku.Cli.csproj", "{98ED1A77-42A3-4FDD-AA0E-E3D2B7E44A97}"
EndProject
Project("{FAE04EC0-301F-11D3-BF4B-00C04F79EFBC}") = "Sudoku.Test", "Sudoku.Test\Sudoku.Test.csproj", "{C6A91138-4005-437D-9C28-6405362D0483}"
EndProject
Global
	GlobalSection(SolutionConfigurationPlatforms) = preSolution
		Debug|Any CPU = Debug|Any CPU
		Release|Any CPU = Release|Any CPU
	EndGlobalSection
	GlobalSection(ProjectConfigurationPlatforms) = postSolution
		{F4CD1E68-346E-4BFD-B386-C7A2851FDD78}.Debug|Any CPU.ActiveCfg = Debug|Any CPU
		{F4CD1E68-346E-4BFD-B386-C7A2851FDD78}.Debug|Any CPU.Build.0 = Debug|Any CPU
		{F4CD1E68-346E-4BFD-B386-C7A2851FDD78}.Release|Any CPU.ActiveCfg = Release|Any CPU
		{F4CD1E68-346E-4BFD-B386-C7A2851FDD78}.Release|Any CPU.Build.0 = Release|Any CPU
		{66D2BECE-60B5-4127-A471-B0CB30783789}.Debug|Any CPU.ActiveCfg = Debug|Any CPU
		{66D2BECE-60B5-4127-A471-B0CB30783789}.Debug|Any CPU.Build.0 = Debug|Any CPU
		{66D2BECE-60B5-4127-A471-B0CB30783789}.Release|Any CPU.ActiveCfg = Release|Any CPU
		{66D2BECE-60B5-4127-A471-B0CB30783789}.Release|Any CPU.Build.0 = Release|Any CPU
		{98ED1A77-42A3-4FDD-AA0E-E3D2B7E44A97}.Debug|Any CPU.ActiveCfg = Debug|Any CPU
		{98ED1A77-42A3-4FDD-AA0E-E3D2B7E44A97}.Debug|Any CPU.Build.0 = Debug|Any CPU
		{98ED1A77-42A3-4FDD-AA0E-E3D2B7E44A97}.Release|Any CPU.ActiveCfg = Release|Any CPU
		{98ED1A77-42A3-4FDD-AA0E-E3D2B7E44A97}.Release|Any CPU.Build.0 = Release|Any CPU
		{C6A91138-4005-437D-9C28-6405362D0483}.Debug|Any CPU.ActiveCfg = Debug|Any CPU
		{C6A91138-4005-437D-9C28-6405362D0483}.Debug|Any CPU.Build.0 = Debug|Any CPU
		{C6A91138-4005-437D-9C28-6405362D0483}.Release|Any CPU.ActiveCfg = Release|Any CPU
		{C6A91138-4005-437D-9C28-6405362D0483}.Release|Any CPU.Build.0 = Release|Any CPU
	EndGlobalSection
	GlobalSection(SolutionProperties) = preSolution
		HideSolutionNode = FALSE
	EndGlobalSection
	GlobalSection(ExtensibilityGlobals) = postSolution
		SolutionGuid = {CDF26938-5466-418A-BB86-7C7EF0AFACFC}
	EndGlobalSection
EndGlobal
